
Microsoft Visual Studio Solution File, Format Version 10.00
# Visual Studio 2008
Project("{FAE04EC0-301F-11D3-BF4B-00C04F79EFBC}") = "Askona_MainWH_Client", "Askona_MainWH_Client_WinCE\Askona_MainWH_Client.csproj", "{57E1664A-B21C-43DF-864E-4FCE6BD2DF43}"
EndProject
Global
	GlobalSection(SolutionConfigurationPlatforms) = preSolution
		Debug|Any CPU = Debug|Any CPU
		Release|Any CPU = Release|Any CPU
	EndGlobalSection
	GlobalSection(ProjectConfigurationPlatforms) = postSolution
		{57E1664A-B21C-43DF-864E-4FCE6BD2DF43}.Debug|Any CPU.ActiveCfg = Debug|Any CPU
		{57E1664A-B21C-43DF-864E-4FCE6BD2DF43}.Debug|Any CPU.Build.0 = Debug|Any CPU
		{57E1664A-B21C-43DF-864E-4FCE6BD2DF43}.Debug|Any CPU.Deploy.0 = Debug|Any CPU
		{57E1664A-B21C-43DF-864E-4FCE6BD2DF43}.Release|Any CPU.ActiveCfg = Release|Any CPU
		{57E1664A-B21C-43DF-864E-4FCE6BD2DF43}.Release|Any CPU.Build.0 = Release|Any CPU
		{57E1664A-B21C-43DF-864E-4FCE6BD2DF43}.Release|Any CPU.Deploy.0 = Release|Any CPU
	EndGlobalSection
	GlobalSection(SolutionProperties) = preSolution
		HideSolutionNode = FALSE
	EndGlobalSection
EndGlobal
